
Microsoft Visual Studio Solution File, Format Version 12.00
# Visual Studio Version 16
VisualStudioVersion = 16.0.29911.84
MinimumVisualStudioVersion = 10.0.40219.1
Project("{FAE04EC0-301F-11D3-BF4B-00C04F79EFBC}") = "IdentityMVC", "IdentityMVC.csproj", "{ED7AA7C4-D06D-48A8-A601-EA11305D98CF}"
EndProject
Global
	GlobalSection(SolutionConfigurationPlatforms) = preSolution
		Debug|Any CPU = Debug|Any CPU
		Release|Any CPU = Release|Any CPU
	EndGlobalSection
	GlobalSection(ProjectConfigurationPlatforms) = postSolution
		{ED7AA7C4-D06D-48A8-A601-EA11305D98CF}.Debug|Any CPU.ActiveCfg = Debug|Any CPU
		{ED7AA7C4-D06D-48A8-A601-EA11305D98CF}.Debug|Any CPU.Build.0 = Debug|Any CPU
		{ED7AA7C4-D06D-48A8-A601-EA11305D98CF}.Release|Any CPU.ActiveCfg = Release|Any CPU
		{ED7AA7C4-D06D-48A8-A601-EA11305D98CF}.Release|Any CPU.Build.0 = Release|Any CPU
	EndGlobalSection
	GlobalSection(SolutionProperties) = preSolution
		HideSolutionNode = FALSE
	EndGlobalSection
	GlobalSection(ExtensibilityGlobals) = postSolution
		SolutionGuid = {029D1DF7-48F8-4E86-95A4-B61A28FDFCBF}
	EndGlobalSection
EndGlobal
